<?xml version="1.0" encoding="UTF-8" standalone="yes" ?>
<CodeBlocks_project_file>
	<FileVersion major="1" minor="6" />
	<Project>
		<Option title="OOP-LAB" />
		<Option pch_mode="2" />
		<Option compiler="gcc" />
		<Build>
			<Target title="Debug">
				<Option output="bin/Debug/OOP-LAB" prefix_auto="1" extension_auto="1" />
				<Option object_output="obj/Debug/" />
				<Option type="1" />
				<Option compiler="gcc" />
				<Compiler>
					<Add option="-g" />
				</Compiler>
			</Target>
			<Target title="Release">
				<Option output="bin/Release/OOP-LAB" prefix_auto="1" extension_auto="1" />
				<Option object_output="obj/Release/" />
				<Option type="1" />
				<Option compiler="gcc" />
				<Compiler>
					<Add option="-O2" />
				</Compiler>
				<Linker>
					<Add option="-s" />
				</Linker>
			</Target>
		</Build>
		<Compiler>
			<Add option="-std=c++11" />
			<Add option="-Wall" />
			<Add option="-fexceptions" />
			<Add directory="Alimente" />
			<Add directory="Logic" />
		</Compiler>
		<Unit filename="Alimente/Aliment.cpp" />
		<Unit filename="Alimente/Aliment.h" />
		<Unit filename="Alimente/Bere.cpp" />
		<Unit filename="Alimente/Bere.h" />
		<Unit filename="Alimente/Cartof.cpp" />
		<Unit filename="Alimente/Cartof.h" />
		<Unit filename="Alimente/Faina.cpp" />
		<Unit filename="Alimente/Faina.h" />
		<Unit filename="Alimente/Jucarie.cpp" />
		<Unit filename="Alimente/Jucarie.h" />
		<Unit filename="Alimente/Varza.cpp" />
		<Unit filename="Alimente/Varza.h" />
		<Unit filename="Alimente/Vin_de_soi.cpp" />
		<Unit filename="Alimente/Vin_de_soi.h" />
		<Unit filename="Alimente/Vin_varsat.cpp" />
		<Unit filename="Alimente/Vin_varsat.h" />
		<Unit filename="Logic/ListaMagazin.cpp" />
		<Unit filename="Logic/ListaMagazin.h" />
		<Unit filename="Logic/Magazin.cpp" />
		<Unit filename="Logic/Magazin.h" />
		<Unit filename="Logic/Mod_de_vanzare.h" />
		<Unit filename="Logic/Values.h" />
		<Unit filename="main.cpp" />
		<Extensions>
			<code_completion />
			<envvars />
			<debugger />
			<lib_finder disable_auto="1" />
		</Extensions>
	</Project>
</CodeBlocks_project_file>
